
Microsoft Visual Studio Solution File, Format Version 12.00
# Visual Studio Version 17
VisualStudioVersion = 17.5.33530.505
MinimumVisualStudioVersion = 10.0.40219.1
Project("{8BC9CEB8-8B4A-11D0-8D11-00A0C91BC942}") = "27.11.23 HW", "27.11.23 HW\27.11.23 HW.vcxproj", "{C0C866B6-7645-47CE-8B36-55924B234A90}"
EndProject
Global
	GlobalSection(SolutionConfigurationPlatforms) = preSolution
		Debug|x64 = Debug|x64
		Debug|x86 = Debug|x86
		Release|x64 = Release|x64
		Release|x86 = Release|x86
	EndGlobalSection
	GlobalSection(ProjectConfigurationPlatforms) = postSolution
		{C0C866B6-7645-47CE-8B36-55924B234A90}.Debug|x64.ActiveCfg = Debug|x64
		{C0C866B6-7645-47CE-8B36-55924B234A90}.Debug|x64.Build.0 = Debug|x64
		{C0C866B6-7645-47CE-8B36-55924B234A90}.Debug|x86.ActiveCfg = Debug|Win32
		{C0C866B6-7645-47CE-8B36-55924B234A90}.Debug|x86.Build.0 = Debug|Win32
		{C0C866B6-7645-47CE-8B36-55924B234A90}.Release|x64.ActiveCfg = Release|x64
		{C0C866B6-7645-47CE-8B36-55924B234A90}.Release|x64.Build.0 = Release|x64
		{C0C866B6-7645-47CE-8B36-55924B234A90}.Release|x86.ActiveCfg = Release|Win32
		{C0C866B6-7645-47CE-8B36-55924B234A90}.Release|x86.Build.0 = Release|Win32
	EndGlobalSection
	GlobalSection(SolutionProperties) = preSolution
		HideSolutionNode = FALSE
	EndGlobalSection
	GlobalSection(ExtensibilityGlobals) = postSolution
		SolutionGuid = {0C1ED4E6-4798-4BB6-BB12-466B9CBC5A52}
	EndGlobalSection
EndGlobal
